{
  "version": 4,
  "terraform_version": "1.15.6",
  "serial": 9,
  "lineage": "cf54e924-2829-fa72-d3cb-99a5f7618925",
  "outputs": {},
  "resources": [
    {
      "mode": "managed",
      "type": "azurerm_linux_virtual_machine",
      "name": "vm",
      "provider": "provider[\"registry.terraform.io/hashicorp/azurerm\"]",
      "instances": [
        {
          "schema_version": 0,
          "attributes": {
            "additional_capabilities": [],
            "admin_password": "Devagya@123",
            "admin_ssh_key": [
              {
                "public_key": "ssh-rsa AAAAB3NzaC1yc2EAAAADAQABAAABgQCxVV5E4hvAPxeyzYuH7+eqWQcs0rdg3HnBXs0XaYHndzJl+ne2PcumqD/9AjNYbvX+GysjmOtGuOz18rasUQyWbdUMHfOLQ5dlp3odsHUu5mleFhjN5AgCD08yhI7S9AIhwDxzpzbpxT5YG8AfoCuJsyYE6OedFl/cuQm7xqqcPp615goDI5uCUomDwzDbj7DxXhL+M+E2mnwPnwkd/2IMJDL7WkyT9Gfw2IDfLlcuecLQxhmrzC0ceS1oxKnwVAdMbzu1Hqgl8smgkTaQEQw093LEZaywfOa580kcp8gmhNx4exTbTsnEkSYCm3rU81C163gXiWVow/UK0rdXJBOJqEztBYQvYr5CbHB5OcRzyQsxdr3lJD4lTK5Y5ZpaPdzanEb6iCfR6TGTICpljHUGzlTN4/gycnEySlaczMH7S2Spnr94JJi2Wr3X32LVFKpivkkcbYben57amgvybvRSbRY9l78tMwthOr5Tk60iE2hBkknjJvuB+eNEB625p50= devagya@devagya-HP-Laptop-15s-fq2xxx\n",
                "username": "azureuser"
              }
            ],
            "admin_username": "azureuser",
            "allow_extension_operations": true,
            "availability_set_id": "",
            "boot_diagnostics": [],
            "bypass_platform_safety_checks_on_user_schedule_enabled": false,
            "capacity_reservation_group_id": "",
            "computer_name": "rtmp-server",
            "custom_data": null,
            "dedicated_host_group_id": "",
            "dedicated_host_id": "",
            "disable_password_authentication": true,
            "disk_controller_type": "SCSI",
            "edge_zone": "",
            "encryption_at_host_enabled": false,
            "eviction_policy": "",
            "extensions_time_budget": "PT1H30M",
            "gallery_application": [],
            "id": "/subscriptions/e763d4bd-07a3-462c-8693-fb2caae2ed95/resourceGroups/devqueen-rg/providers/Microsoft.Compute/virtualMachines/rtmp-server",
            "identity": [],
            "license_type": "",
            "location": "australiaeast",
            "max_bid_price": -1,
            "name": "rtmp-server",
            "network_interface_ids": [
              "/subscriptions/e763d4bd-07a3-462c-8693-fb2caae2ed95/resourceGroups/devqueen-rg/providers/Microsoft.Network/networkInterfaces/devqueen-nic"
            ],
            "os_disk": [
              {
                "caching": "ReadWrite",
                "diff_disk_settings": [],
                "disk_encryption_set_id": "",
                "disk_size_gb": 30,
                "id": "/subscriptions/e763d4bd-07a3-462c-8693-fb2caae2ed95/resourceGroups/devqueen-rg/providers/Microsoft.Compute/disks/rtmp-server_OsDisk_1_36ff06e938784ef6817a89c6cc824cb1",
                "name": "rtmp-server_OsDisk_1_36ff06e938784ef6817a89c6cc824cb1",
                "secure_vm_disk_encryption_set_id": "",
                "security_encryption_type": "",
                "storage_account_type": "Standard_LRS",
                "write_accelerator_enabled": false
              }
            ],
            "os_image_notification": [],
            "os_managed_disk_id": "/subscriptions/e763d4bd-07a3-462c-8693-fb2caae2ed95/resourceGroups/devqueen-rg/providers/Microsoft.Compute/disks/rtmp-server_OsDisk_1_36ff06e938784ef6817a89c6cc824cb1",
            "patch_assessment_mode": "ImageDefault",
            "patch_mode": "ImageDefault",
            "plan": [],
            "platform_fault_domain": -1,
            "priority": "Regular",
            "private_ip_address": "10.0.1.4",
            "private_ip_addresses": [
              "10.0.1.4"
            ],
            "provision_vm_agent": true,
            "proximity_placement_group_id": "",
            "public_ip_address": "20.213.156.33",
            "public_ip_addresses": [
              "20.213.156.33"
            ],
            "reboot_setting": "",
            "resource_group_name": "devqueen-rg",
            "secret": [],
            "secure_boot_enabled": false,
            "size": "Standard_D2s_v3",
            "source_image_id": "",
            "source_image_reference": [
              {
                "offer": "0001-com-ubuntu-server-focal",
                "publisher": "Canonical",
                "sku": "20_04-lts-gen2",
                "version": "latest"
              }
            ],
            "tags": null,
            "termination_notification": null,
            "timeouts": null,
            "user_data": "",
            "virtual_machine_id": "680e76fd-0782-48c8-9545-7b8c54abef10",
            "virtual_machine_scale_set_id": "",
            "vm_agent_platform_updates_enabled": false,
            "vtpm_enabled": false,
            "zone": ""
          },
          "sensitive_attributes": [
            [
              {
                "type": "get_attr",
                "value": "admin_password"
              }
            ],
            [
              {
                "type": "get_attr",
                "value": "custom_data"
              }
            ]
          ],
          "identity_schema_version": 0,
          "private": "eyJlMmJmYjczMC1lY2FhLTExZTYtOGY4OC0zNDM2M2JjN2M0YzAiOnsiY3JlYXRlIjoyNzAwMDAwMDAwMDAwLCJkZWxldGUiOjI3MDAwMDAwMDAwMDAsInJlYWQiOjMwMDAwMDAwMDAwMCwidXBkYXRlIjoyNzAwMDAwMDAwMDAwfX0=",
          "dependencies": [
            "azurerm_network_interface.nic",
            "azurerm_public_ip.public_ip",
            "azurerm_resource_group.rg",
            "azurerm_subnet.subnet",
            "azurerm_virtual_network.vnet"
          ]
        }
      ]
    },
    {
      "mode": "managed",
      "type": "azurerm_network_interface",
      "name": "nic",
      "provider": "provider[\"registry.terraform.io/hashicorp/azurerm\"]",
      "instances": [
        {
          "schema_version": 0,
          "attributes": {
            "accelerated_networking_enabled": false,
            "applied_dns_servers": [],
            "auxiliary_mode": "",
            "auxiliary_sku": "",
            "dns_servers": null,
            "edge_zone": "",
            "id": "/subscriptions/e763d4bd-07a3-462c-8693-fb2caae2ed95/resourceGroups/devqueen-rg/providers/Microsoft.Network/networkInterfaces/devqueen-nic",
            "internal_dns_name_label": "",
            "internal_domain_name_suffix": "2ryogedy4pbuvfdb5cmjd1jtea.px.internal.cloudapp.net",
            "ip_configuration": [
              {
                "gateway_load_balancer_frontend_ip_configuration_id": "",
                "name": "internal",
                "primary": true,
                "private_ip_address": "10.0.1.4",
                "private_ip_address_allocation": "Dynamic",
                "private_ip_address_version": "IPv4",
                "public_ip_address_id": "/subscriptions/e763d4bd-07a3-462c-8693-fb2caae2ed95/resourceGroups/devqueen-rg/providers/Microsoft.Network/publicIPAddresses/devqueen-public-ip",
                "subnet_id": "/subscriptions/e763d4bd-07a3-462c-8693-fb2caae2ed95/resourceGroups/devqueen-rg/providers/Microsoft.Network/virtualNetworks/devqueen-vnet/subnets/devqueen-subnet"
              }
            ],
            "ip_forwarding_enabled": false,
            "location": "australiaeast",
            "mac_address": "",
            "name": "devqueen-nic",
            "private_ip_address": "10.0.1.4",
            "private_ip_addresses": [
              "10.0.1.4"
            ],
            "resource_group_name": "devqueen-rg",
            "tags": null,
            "timeouts": null,
            "virtual_machine_id": ""
          },
          "sensitive_attributes": [],
          "identity_schema_version": 0,
          "identity": {
            "name": "devqueen-nic",
            "resource_group_name": "devqueen-rg",
            "subscription_id": "e763d4bd-07a3-462c-8693-fb2caae2ed95"
          },
          "private": "eyJlMmJmYjczMC1lY2FhLTExZTYtOGY4OC0zNDM2M2JjN2M0YzAiOnsiY3JlYXRlIjoxODAwMDAwMDAwMDAwLCJkZWxldGUiOjE4MDAwMDAwMDAwMDAsInJlYWQiOjMwMDAwMDAwMDAwMCwidXBkYXRlIjoxODAwMDAwMDAwMDAwfX0=",
          "dependencies": [
            "azurerm_public_ip.public_ip",
            "azurerm_resource_group.rg",
            "azurerm_subnet.subnet",
            "azurerm_virtual_network.vnet"
          ]
        }
      ]
    },
    {
      "mode": "managed",
      "type": "azurerm_network_security_group",
      "name": "nsg",
      "provider": "provider[\"registry.terraform.io/hashicorp/azurerm\"]",
      "instances": [
        {
          "schema_version": 0,
          "attributes": {
            "id": "/subscriptions/e763d4bd-07a3-462c-8693-fb2caae2ed95/resourceGroups/devqueen-rg/providers/Microsoft.Network/networkSecurityGroups/vm-nsg",
            "location": "australiaeast",
            "name": "vm-nsg",
            "resource_group_name": "devqueen-rg",
            "security_rule": [
              {
                "access": "Allow",
                "description": "",
                "destination_address_prefix": "*",
                "destination_address_prefixes": [],
                "destination_application_security_group_ids": [],
                "destination_port_range": "22",
                "destination_port_ranges": [],
                "direction": "Inbound",
                "name": "Allow-SSH",
                "priority": 1000,
                "protocol": "Tcp",
                "source_address_prefix": "*",
                "source_address_prefixes": [],
                "source_application_security_group_ids": [],
                "source_port_range": "*",
                "source_port_ranges": []
              },
              {
                "access": "Allow",
                "description": "",
                "destination_address_prefix": "*",
                "destination_address_prefixes": [],
                "destination_application_security_group_ids": [],
                "destination_port_range": "80",
                "destination_port_ranges": [],
                "direction": "Inbound",
                "name": "Allow-HTTP",
                "priority": 1010,
                "protocol": "Tcp",
                "source_address_prefix": "*",
                "source_address_prefixes": [],
                "source_application_security_group_ids": [],
                "source_port_range": "*",
                "source_port_ranges": []
              }
            ],
            "tags": null,
            "timeouts": null
          },
          "sensitive_attributes": [],
          "identity_schema_version": 0,
          "identity": {
            "name": "vm-nsg",
            "resource_group_name": "devqueen-rg",
            "subscription_id": "e763d4bd-07a3-462c-8693-fb2caae2ed95"
          },
          "private": "eyJlMmJmYjczMC1lY2FhLTExZTYtOGY4OC0zNDM2M2JjN2M0YzAiOnsiY3JlYXRlIjoxODAwMDAwMDAwMDAwLCJkZWxldGUiOjE4MDAwMDAwMDAwMDAsInJlYWQiOjMwMDAwMDAwMDAwMCwidXBkYXRlIjoxODAwMDAwMDAwMDAwfX0=",
          "dependencies": [
            "azurerm_resource_group.rg"
          ]
        }
      ]
    },
    {
      "mode": "managed",
      "type": "azurerm_public_ip",
      "name": "public_ip",
      "provider": "provider[\"registry.terraform.io/hashicorp/azurerm\"]",
      "instances": [
        {
          "schema_version": 0,
          "attributes": {
            "allocation_method": "Static",
            "ddos_protection_mode": "VirtualNetworkInherited",
            "ddos_protection_plan_id": null,
            "domain_name_label": "",
            "domain_name_label_scope": "",
            "edge_zone": "",
            "fqdn": "",
            "id": "/subscriptions/e763d4bd-07a3-462c-8693-fb2caae2ed95/resourceGroups/devqueen-rg/providers/Microsoft.Network/publicIPAddresses/devqueen-public-ip",
            "idle_timeout_in_minutes": 4,
            "ip_address": "20.213.156.33",
            "ip_tags": null,
            "ip_version": "IPv4",
            "location": "australiaeast",
            "name": "devqueen-public-ip",
            "public_ip_prefix_id": null,
            "resource_group_name": "devqueen-rg",
            "reverse_fqdn": "",
            "sku": "Standard",
            "sku_tier": "Regional",
            "tags": null,
            "timeouts": null,
            "zones": null
          },
          "sensitive_attributes": [],
          "identity_schema_version": 0,
          "identity": {
            "name": "devqueen-public-ip",
            "resource_group_name": "devqueen-rg",
            "subscription_id": "e763d4bd-07a3-462c-8693-fb2caae2ed95"
          },
          "private": "eyJlMmJmYjczMC1lY2FhLTExZTYtOGY4OC0zNDM2M2JjN2M0YzAiOnsiY3JlYXRlIjoxODAwMDAwMDAwMDAwLCJkZWxldGUiOjE4MDAwMDAwMDAwMDAsInJlYWQiOjMwMDAwMDAwMDAwMCwidXBkYXRlIjoxODAwMDAwMDAwMDAwfX0=",
          "dependencies": [
            "azurerm_resource_group.rg"
          ]
        }
      ]
    },
    {
      "mode": "managed",
      "type": "azurerm_resource_group",
      "name": "rg",
      "provider": "provider[\"registry.terraform.io/hashicorp/azurerm\"]",
      "instances": [
        {
          "schema_version": 0,
          "attributes": {
            "id": "/subscriptions/e763d4bd-07a3-462c-8693-fb2caae2ed95/resourceGroups/devqueen-rg",
            "location": "australiaeast",
            "managed_by": "",
            "name": "devqueen-rg",
            "tags": null,
            "timeouts": null
          },
          "sensitive_attributes": [],
          "identity_schema_version": 0,
          "identity": {
            "name": "devqueen-rg",
            "subscription_id": "e763d4bd-07a3-462c-8693-fb2caae2ed95"
          },
          "private": "eyJlMmJmYjczMC1lY2FhLTExZTYtOGY4OC0zNDM2M2JjN2M0YzAiOnsiY3JlYXRlIjo1NDAwMDAwMDAwMDAwLCJkZWxldGUiOjU0MDAwMDAwMDAwMDAsInJlYWQiOjMwMDAwMDAwMDAwMCwidXBkYXRlIjo1NDAwMDAwMDAwMDAwfX0="
        }
      ]
    },
    {
      "mode": "managed",
      "type": "azurerm_subnet",
      "name": "subnet",
      "provider": "provider[\"registry.terraform.io/hashicorp/azurerm\"]",
      "instances": [
        {
          "schema_version": 0,
          "attributes": {
            "address_prefixes": [
              "10.0.1.0/24"
            ],
            "default_outbound_access_enabled": true,
            "delegation": [],
            "id": "/subscriptions/e763d4bd-07a3-462c-8693-fb2caae2ed95/resourceGroups/devqueen-rg/providers/Microsoft.Network/virtualNetworks/devqueen-vnet/subnets/devqueen-subnet",
            "ip_address_pool": [],
            "name": "devqueen-subnet",
            "private_endpoint_network_policies": "Disabled",
            "private_link_service_network_policies_enabled": true,
            "resource_group_name": "devqueen-rg",
            "service_endpoint_policy_ids": null,
            "service_endpoints": null,
            "sharing_scope": "",
            "timeouts": null,
            "virtual_network_name": "devqueen-vnet"
          },
          "sensitive_attributes": [],
          "identity_schema_version": 0,
          "identity": {
            "name": "devqueen-subnet",
            "resource_group_name": "devqueen-rg",
            "subscription_id": "e763d4bd-07a3-462c-8693-fb2caae2ed95",
            "virtual_network_name": "devqueen-vnet"
          },
          "private": "eyJlMmJmYjczMC1lY2FhLTExZTYtOGY4OC0zNDM2M2JjN2M0YzAiOnsiY3JlYXRlIjoxODAwMDAwMDAwMDAwLCJkZWxldGUiOjE4MDAwMDAwMDAwMDAsInJlYWQiOjMwMDAwMDAwMDAwMCwidXBkYXRlIjoxODAwMDAwMDAwMDAwfX0=",
          "dependencies": [
            "azurerm_resource_group.rg",
            "azurerm_virtual_network.vnet"
          ]
        }
      ]
    },
    {
      "mode": "managed",
      "type": "azurerm_subnet_network_security_group_association",
      "name": "nsg_assoc",
      "provider": "provider[\"registry.terraform.io/hashicorp/azurerm\"]",
      "instances": [
        {
          "schema_version": 0,
          "attributes": {
            "id": "/subscriptions/e763d4bd-07a3-462c-8693-fb2caae2ed95/resourceGroups/devqueen-rg/providers/Microsoft.Network/virtualNetworks/devqueen-vnet/subnets/devqueen-subnet",
            "network_security_group_id": "/subscriptions/e763d4bd-07a3-462c-8693-fb2caae2ed95/resourceGroups/devqueen-rg/providers/Microsoft.Network/networkSecurityGroups/vm-nsg",
            "subnet_id": "/subscriptions/e763d4bd-07a3-462c-8693-fb2caae2ed95/resourceGroups/devqueen-rg/providers/Microsoft.Network/virtualNetworks/devqueen-vnet/subnets/devqueen-subnet",
            "timeouts": null
          },
          "sensitive_attributes": [],
          "identity_schema_version": 0,
          "private": "eyJlMmJmYjczMC1lY2FhLTExZTYtOGY4OC0zNDM2M2JjN2M0YzAiOnsiY3JlYXRlIjoxODAwMDAwMDAwMDAwLCJkZWxldGUiOjE4MDAwMDAwMDAwMDAsInJlYWQiOjMwMDAwMDAwMDAwMH19",
          "dependencies": [
            "azurerm_network_security_group.nsg",
            "azurerm_resource_group.rg",
            "azurerm_subnet.subnet",
            "azurerm_virtual_network.vnet"
          ]
        }
      ]
    },
    {
      "mode": "managed",
      "type": "azurerm_virtual_network",
      "name": "vnet",
      "provider": "provider[\"registry.terraform.io/hashicorp/azurerm\"]",
      "instances": [
        {
          "schema_version": 0,
          "attributes": {
            "address_space": [
              "10.0.0.0/16"
            ],
            "bgp_community": "",
            "ddos_protection_plan": [],
            "dns_servers": [],
            "edge_zone": "",
            "encryption": [],
            "flow_timeout_in_minutes": 0,
            "guid": "10e370e4-f378-4ac3-9461-f89891ed3320",
            "id": "/subscriptions/e763d4bd-07a3-462c-8693-fb2caae2ed95/resourceGroups/devqueen-rg/providers/Microsoft.Network/virtualNetworks/devqueen-vnet",
            "ip_address_pool": [],
            "location": "australiaeast",
            "name": "devqueen-vnet",
            "private_endpoint_vnet_policies": "Disabled",
            "resource_group_name": "devqueen-rg",
            "subnet": [],
            "tags": null,
            "timeouts": null
          },
          "sensitive_attributes": [],
          "identity_schema_version": 0,
          "identity": {
            "name": "devqueen-vnet",
            "resource_group_name": "devqueen-rg",
            "subscription_id": "e763d4bd-07a3-462c-8693-fb2caae2ed95"
          },
          "private": "eyJlMmJmYjczMC1lY2FhLTExZTYtOGY4OC0zNDM2M2JjN2M0YzAiOnsiY3JlYXRlIjoxODAwMDAwMDAwMDAwLCJkZWxldGUiOjE4MDAwMDAwMDAwMDAsInJlYWQiOjMwMDAwMDAwMDAwMCwidXBkYXRlIjoxODAwMDAwMDAwMDAwfX0=",
          "dependencies": [
            "azurerm_resource_group.rg"
          ]
        }
      ]
    }
  ],
  "check_results": null
}
